// !$*UTF8*$!
{
	archiveVersion = 1;
	classes = {
	};
	objectVersion = 50;
	objects = {

/* Begin PBXBuildFile section */
		54B5754C20EED180001BEE00 /* AppDelegate.swift in Sources */ = {isa = PBXBuildFile; fileRef = 54B5754B20EED180001BEE00 /* AppDelegate.swift */; };
		54B5754E20EED180001BEE00 /* ViewController.swift in Sources */ = {isa = PBXBuildFile; fileRef = 54B5754D20EED180001BEE00 /* ViewController.swift */; };
		54B5755120EED180001BEE00 /* Main.storyboard in Resources */ = {isa = PBXBuildFile; fileRef = 54B5754F20EED180001BEE00 /* Main.storyboard */; };
		54B5755420EED180001BEE00 /* Per_Diem_Gold.xcdatamodeld in Sources */ = {isa = PBXBuildFile; fileRef = 54B5755220EED180001BEE00 /* Per_Diem_Gold.xcdatamodeld */; };
		54B5755620EED181001BEE00 /* Assets.xcassets in Resources */ = {isa = PBXBuildFile; fileRef = 54B5755520EED181001BEE00 /* Assets.xcassets */; };
		54B5755920EED181001BEE00 /* LaunchScreen.storyboard in Resources */ = {isa = PBXBuildFile; fileRef = 54B5755720EED181001BEE00 /* LaunchScreen.storyboard */; };
/* End PBXBuildFile section */

/* Begin PBXFileReference section */
		54B5754820EED180001BEE00 /* Per Diem Gold.app */ = {isa = PBXFileReference; explicitFileType = wrapper.application; includeInIndex = 0; path = "Per Diem Gold.app"; sourceTree = BUILT_PRODUCTS_DIR; };
		54B5754B20EED180001BEE00 /* AppDelegate.swift */ = {isa = PBXFileReference; lastKnownFileType = sourcecode.swift; path = AppDelegate.swift; sourceTree = "<group>"; };
		54B5754D20EED180001BEE00 /* ViewController.swift */ = {isa = PBXFileReference; lastKnownFileType = sourcecode.swift; path = ViewController.swift; sourceTree = "<group>"; };
		54B5755020EED180001BEE00 /* Base */ = {isa = PBXFileReference; lastKnownFileType = file.storyboard; name = Base; path = Base.lproj/Main.storyboard; sourceTree = "<group>"; };
		54B5755320EED180001BEE00 /* Per_Diem_Gold.xcdatamodel */ = {isa = PBXFileReference; lastKnownFileType = wrapper.xcdatamodel; path = Per_Diem_Gold.xcdatamodel; sourceTree = "<group>"; };
		54B5755520EED181001BEE00 /* Assets.xcassets */ = {isa = PBXFileReference; lastKnownFileType = folder.assetcatalog; path = Assets.xcassets; sourceTree = "<group>"; };
		54B5755820EED181001BEE00 /* Base */ = {isa = PBXFileReference; lastKnownFileType = file.storyboard; name = Base; path = Base.lproj/LaunchScreen.storyboard; sourceTree = "<group>"; };
		54B5755A20EED181001BEE00 /* Info.plist */ = {isa = PBXFileReference; lastKnownFileType = text.plist.xml; path = Info.plist; sourceTree = "<group>"; };
/* End PBXFileReference section */

/* Begin PBXFrameworksBuildPhase section */
		54B5754520EED180001BEE00 /* Frameworks */ = {
			isa = PBXFrameworksBuildPhase;
			buildActionMask = 2147483647;
			files = (
			);
			runOnlyForDeploymentPostprocessing = 0;
		};
/* End PBXFrameworksBuildPhase section */

/* Begin PBXGroup section */
		54B5753F20EED180001BEE00 = {
			isa = PBXGroup;
			children = (
				54B5754A20EED180001BEE00 /* Per Diem Gold */,
				54B5754920EED180001BEE00 /* Products */,
			);
			sourceTree = "<group>";
		};
		54B5754920EED180001BEE00 /* Products */ = {
			isa = PBXGroup;
			children = (
				54B5754820EED180001BEE00 /* Per Diem Gold.app */,
			);
			name = Products;
			sourceTree = "<group>";
		};
		54B5754A20EED180001BEE00 /* Per Diem Gold */ = {
			isa = PBXGroup;
			children = (
				54B5754B20EED180001BEE00 /* AppDelegate.swift */,
				54B5754D20EED180001BEE00 /* ViewController.swift */,
				54B5754F20EED180001BEE00 /* Main.storyboard */,
				54B5755520EED181001BEE00 /* Assets.xcassets */,
				54B5755720EED181001BEE00 /* LaunchScreen.storyboard */,
				54B5755A20EED181001BEE00 /* Info.plist */,
				54B5755220EED180001BEE00 /* Per_Diem_Gold.xcdatamodeld */,
			);
			path = "Per Diem Gold";
			sourceTree = "<group>";
		};
/* End PBXGroup section */

/* Begin PBXNativeTarget section */
		54B5754720EED180001BEE00 /* Per Diem Gold */ = {
			isa = PBXNativeTarget;
			buildConfigurationList = 54B5755D20EED181001BEE00 /* Build configuration list for PBXNativeTarget "Per Diem Gold" */;
			buildPhases = (
				54B5754420EED180001BEE00 /* Sources */,
				54B5754520EED180001BEE00 /* Frameworks */,
				54B5754620EED180001BEE00 /* Resources */,
			);
			buildRules = (
			);
			dependencies = (
			);
			name = "Per Diem Gold";
			productName = "Per Diem Gold";
			productReference = 54B5754820EED180001BEE00 /* Per Diem Gold.app */;
			productType = "com.apple.product-type.application";
		};
/* End PBXNativeTarget section */

/* Begin PBXProject section */
		54B5754020EED180001BEE00 /* Project object */ = {
			isa = PBXProject;
			attributes = {
				LastSwiftUpdateCheck = 0940;
				LastUpgradeCheck = 0940;
				ORGANIZATIONNAME = "Douglas W. Palme";
				TargetAttributes = {
					54B5754720EED180001BEE00 = {
						CreatedOnToolsVersion = 9.4.1;
					};
				};
			};
			buildConfigurationList = 54B5754320EED180001BEE00 /* Build configuration list for PBXProject "Per Diem Gold" */;
			compatibilityVersion = "Xcode 9.3";
			developmentRegion = en;
			hasScannedForEncodings = 0;
			knownRegions = (
				en,
				Base,
			);
			mainGroup = 54B5753F20EED180001BEE00;
			productRefGroup = 54B5754920EED180001BEE00 /* Products */;
			projectDirPath = "";
			projectRoot = "";
			targets = (
				54B5754720EED180001BEE00 /* Per Diem Gold */,
			);
		};
/* End PBXProject section */

/* Begin PBXResourcesBuildPhase section */
		54B5754620EED180001BEE00 /* Resources */ = {
			isa = PBXResourcesBuildPhase;
			buildActionMask = 2147483647;
			files = (
				54B5755920EED181001BEE00 /* LaunchScreen.storyboard in Resources */,
				54B5755620EED181001BEE00 /* Assets.xcassets in Resources */,
				54B5755120EED180001BEE00 /* Main.storyboard in Resources */,
			);
			runOnlyForDeploymentPostprocessing = 0;
		};
/* End PBXResourcesBuildPhase section */

/* Begin PBXSourcesBuildPhase section */
		54B5754420EED180001BEE00 /* Sources */ = {
			isa = PBXSourcesBuildPhase;
			buildActionMask = 2147483647;
			files = (
				54B5754E20EED180001BEE00 /* ViewController.swift in Sources */,
				54B5755420EED180001BEE00 /* Per_Diem_Gold.xcdatamodeld in Sources */,
				54B5754C20EED180001BEE00 /* AppDelegate.swift in Sources */,
			);
			runOnlyForDeploymentPostprocessing = 0;
		};
/* End PBXSourcesBuildPhase section */

/* Begin PBXVariantGroup section */
		54B5754F20EED180001BEE00 /* Main.storyboard */ = {
			isa = PBXVariantGroup;
			children = (
				54B5755020EED180001BEE00 /* Base */,
			);
			name = Main.storyboard;
			sourceTree = "<group>";
		};
		54B5755720EED181001BEE00 /* LaunchScreen.storyboard */ = {
			isa = PBXVariantGroup;
			children = (
				54B5755820EED181001BEE00 /* Base */,
			);
			name = LaunchScreen.storyboard;
			sourceTree = "<group>";
		};
/* End PBXVariantGroup section */

/* Begin XCBuildConfiguration section */
		54B5755B20EED181001BEE00 /* Debug */ = {
			isa = XCBuildConfiguration;
			buildSettings = {
				ALWAYS_SEARCH_USER_PATHS = NO;
				CLANG_ANALYZER_NONNULL = YES;
				CLANG_ANALYZER_NUMBER_OBJECT_CONVERSION = YES_AGGRESSIVE;
				CLANG_CXX_LANGUAGE_STANDARD = "gnu++14";
				CLANG_CXX_LIBRARY = "libc++";
				CLANG_ENABLE_MODULES = YES;
				CLANG_ENABLE_OBJC_ARC = YES;
				CLANG_ENABLE_OBJC_WEAK = YES;
				CLANG_WARN_BLOCK_CAPTURE_AUTORELEASING = YES;
				CLANG_WARN_BOOL_CONVERSION = YES;
				CLANG_WARN_COMMA = YES;
				CLANG_WARN_CONSTANT_CONVERSION = YES;
				CLANG_WARN_DEPRECATED_OBJC_IMPLEMENTATIONS = YES;
				CLANG_WARN_DIRECT_OBJC_ISA_USAGE = YES_ERROR;
				CLANG_WARN_DOCUMENTATION_COMMENTS = YES;
				CLANG_WARN_EMPTY_BODY = YES;
				CLANG_WARN_ENUM_CONVERSION = YES;
				CLANG_WARN_INFINITE_RECURSION = YES;
				CLANG_WARN_INT_CONVERSION = YES;
				CLANG_WARN_NON_LITERAL_NULL_CONVERSION = YES;
				CLANG_WARN_OBJC_IMPLICIT_RETAIN_SELF = YES;
				CLANG_WARN_OBJC_LITERAL_CONVERSION = YES;
				CLANG_WARN_OBJC_ROOT_CLASS = YES_ERROR;
				CLANG_WARN_RANGE_LOOP_ANALYSIS = YES;
				CLANG_WARN_STRICT_PROTOTYPES = YES;
				CLANG_WARN_SUSPICIOUS_MOVE = YES;
				CLANG_WARN_UNGUARDED_AVAILABILITY = YES_AGGRESSIVE;
				CLANG_WARN_UNREACHABLE_CODE = YES;
				CLANG_WARN__DUPLICATE_METHOD_MATCH = YES;
				CODE_SIGN_IDENTITY = "iPhone Developer";
				COPY_PHASE_STRIP = NO;
				DEBUG_INFORMATION_FORMAT = dwarf;
				ENABLE_STRICT_OBJC_MSGSEND = YES;
				ENABLE_TESTABILITY = YES;
				GCC_C_LANGUAGE_STANDARD = gnu11;
				GCC_DYNAMIC_NO_PIC = NO;
				GCC_NO_COMMON_BLOCKS = YES;
				GCC_OPTIMIZATION_LEVEL = 0;
				GCC_PREPROCESSOR_DEFINITIONS = (
					"DEBUG=1",
					"$(inherited)",
				);
				GCC_WARN_64_TO_32_BIT_CONVERSION = YES;
				GCC_WARN_ABOUT_RETURN_TYPE = YES_ERROR;
				GCC_WARN_UNDECLARED_SELECTOR = YES;
				GCC_WARN_UNINITIALIZED_AUTOS = YES_AGGRESSIVE;
				GCC_WARN_UNUSED_FUNCTION = YES;
				GCC_WARN_UNUSED_VARIABLE = YES;
				IPHONEOS_DEPLOYMENT_TARGET = 11.4;
				MTL_ENABLE_DEBUG_INFO = YES;
				ONLY_ACTIVE_ARCH = YES;
				SDKROOT = iphoneos;
				SWIFT_ACTIVE_COMPILATION_CONDITIONS = DEBUG;
				SWIFT_OPTIMIZATION_LEVEL = "-Onone";
			};
			name = Debug;
		};
		54B5755C20EED181001BEE00 /* Release */ = {
			isa = XCBuildConfiguration;
			buildSettings = {
				ALWAYS_SEARCH_USER_PATHS = NO;
				CLANG_ANALYZER_NONNULL = YES;
				CLANG_ANALYZER_NUMBER_OBJECT_CONVERSION = YES_AGGRESSIVE;
				CLANG_CXX_LANGUAGE_STANDARD = "gnu++14";
				CLANG_CXX_LIBRARY = "libc++";
				CLANG_ENABLE_MODULES = YES;
				CLANG_ENABLE_OBJC_ARC = YES;
				CLANG_ENABLE_OBJC_WEAK = YES;
				CLANG_WARN_BLOCK_CAPTURE_AUTORELEASING = YES;
				CLANG_WARN_BOOL_CONVERSION = YES;
				CLANG_WARN_COMMA = YES;
				CLANG_WARN_CONSTANT_CONVERSION = YES;
				CLANG_WARN_DEPRECATED_OBJC_IMPLEMENTATIONS = YES;
				CLANG_WARN_DIRECT_OBJC_ISA_USAGE = YES_ERROR;
				CLANG_WARN_DOCUMENTATION_COMMENTS = YES;
				CLANG_WARN_EMPTY_BODY = YES;
				CLANG_WARN_ENUM_CONVERSION = YES;
				CLANG_WARN_INFINITE_RECURSION = YES;
				CLANG_WARN_INT_CONVERSION = YES;
				CLANG_WARN_NON_LITERAL_NULL_CONVERSION = YES;
				CLANG_WARN_OBJC_IMPLICIT_RETAIN_SELF = YES;
				CLANG_WARN_OBJC_LITERAL_CONVERSION = YES;
				CLANG_WARN_OBJC_ROOT_CLASS = YES_ERROR;
				CLANG_WARN_RANGE_LOOP_ANALYSIS = YES;
				CLANG_WARN_STRICT_PROTOTYPES = YES;
				CLANG_WARN_SUSPICIOUS_MOVE = YES;
				CLANG_WARN_UNGUARDED_AVAILABILITY = YES_AGGRESSIVE;
				CLANG_WARN_UNREACHABLE_CODE = YES;
				CLANG_WARN__DUPLICATE_METHOD_MATCH = YES;
				CODE_SIGN_IDENTITY = "iPhone Developer";
				COPY_PHASE_STRIP = NO;
				DEBUG_INFORMATION_FORMAT = "dwarf-with-dsym";
				ENABLE_NS_ASSERTIONS = NO;
				ENABLE_STRICT_OBJC_MSGSEND = YES;
				GCC_C_LANGUAGE_STANDARD = gnu11;
				GCC_NO_COMMON_BLOCKS = YES;
				GCC_WARN_64_TO_32_BIT_CONVERSION = YES;
				GCC_WARN_ABOUT_RETURN_TYPE = YES_ERROR;
				GCC_WARN_UNDECLARED_SELECTOR = YES;
				GCC_WARN_UNINITIALIZED_AUTOS = YES_AGGRESSIVE;
				GCC_WARN_UNUSED_FUNCTION = YES;
				GCC_WARN_UNUSED_VARIABLE = YES;
				IPHONEOS_DEPLOYMENT_TARGET = 11.4;
				MTL_ENABLE_DEBUG_INFO = NO;
				SDKROOT = iphoneos;
				SWIFT_COMPILATION_MODE = wholemodule;
				SWIFT_OPTIMIZATION_LEVEL = "-O";
				VALIDATE_PRODUCT = YES;
			};
			name = Release;
		};
		54B5755E20EED181001BEE00 /* Debug */ = {
			isa = XCBuildConfiguration;
			buildSettings = {
				ASSETCATALOG_COMPILER_APPICON_NAME = AppIcon;
				CODE_SIGN_STYLE = Automatic;
				DEVELOPMENT_TEAM = JP2QBRJS2F;
				INFOPLIST_FILE = "Per Diem Gold/Info.plist";
				LD_RUNPATH_SEARCH_PATHS = (
					"$(inherited)",
					"@executable_path/Frameworks",
				);
				PRODUCT_BUNDLE_IDENTIFIER = "com.palmeacres.Per-Diem-Gold";
				PRODUCT_NAME = "$(TARGET_NAME)";
				SWIFT_VERSION = 4.0;
				TARGETED_DEVICE_FAMILY = "1,2";
			};
			name = Debug;
		};
		54B5755F20EED181001BEE00 /* Release */ = {
			isa = XCBuildConfiguration;
			buildSettings = {
				ASSETCATALOG_COMPILER_APPICON_NAME = AppIcon;
				CODE_SIGN_STYLE = Automatic;
				DEVELOPMENT_TEAM = JP2QBRJS2F;
				INFOPLIST_FILE = "Per Diem Gold/Info.plist";
				LD_RUNPATH_SEARCH_PATHS = (
					"$(inherited)",
					"@executable_path/Frameworks",
				);
				PRODUCT_BUNDLE_IDENTIFIER = "com.palmeacres.Per-Diem-Gold";
				PRODUCT_NAME = "$(TARGET_NAME)";
				SWIFT_VERSION = 4.0;
				TARGETED_DEVICE_FAMILY = "1,2";
			};
			name = Release;
		};
/* End XCBuildConfiguration section */

/* Begin XCConfigurationList section */
		54B5754320EED180001BEE00 /* Build configuration list for PBXProject "Per Diem Gold" */ = {
			isa = XCConfigurationList;
			buildConfigurations = (
				54B5755B20EED181001BEE00 /* Debug */,
				54B5755C20EED181001BEE00 /* Release */,
			);
			defaultConfigurationIsVisible = 0;
			defaultConfigurationName = Release;
		};
		54B5755D20EED181001BEE00 /* Build configuration list for PBXNativeTarget "Per Diem Gold" */ = {
			isa = XCConfigurationList;
			buildConfigurations = (
				54B5755E20EED181001BEE00 /* Debug */,
				54B5755F20EED181001BEE00 /* Release */,
			);
			defaultConfigurationIsVisible = 0;
			defaultConfigurationName = Release;
		};
/* End XCConfigurationList section */

/* Begin XCVersionGroup section */
		54B5755220EED180001BEE00 /* Per_Diem_Gold.xcdatamodeld */ = {
			isa = XCVersionGroup;
			children = (
				54B5755320EED180001BEE00 /* Per_Diem_Gold.xcdatamodel */,
			);
			currentVersion = 54B5755320EED180001BEE00 /* Per_Diem_Gold.xcdatamodel */;
			path = Per_Diem_Gold.xcdatamodeld;
			sourceTree = "<group>";
			versionGroupType = wrapper.xcdatamodel;
		};
/* End XCVersionGroup section */
	};
	rootObject = 54B5754020EED180001BEE00 /* Project object */;
}
